
Microsoft Visual Studio Solution File, Format Version 12.00
# Visual Studio 15
VisualStudioVersion = 15.0.28307.572
MinimumVisualStudioVersion = 10.0.40219.1
Project("{FAE04EC0-301F-11D3-BF4B-00C04F79EFBC}") = "Szokereso", "Szokereso\Szokereso.csproj", "{E2DD2593-FCFA-4609-BF3B-BD7E160DD025}"
EndProject
Global
	GlobalSection(SolutionConfigurationPlatforms) = preSolution
		Debug|Any CPU = Debug|Any CPU
		Release|Any CPU = Release|Any CPU
	EndGlobalSection
	GlobalSection(ProjectConfigurationPlatforms) = postSolution
		{E2DD2593-FCFA-4609-BF3B-BD7E160DD025}.Debug|Any CPU.ActiveCfg = Debug|Any CPU
		{E2DD2593-FCFA-4609-BF3B-BD7E160DD025}.Debug|Any CPU.Build.0 = Debug|Any CPU
		{E2DD2593-FCFA-4609-BF3B-BD7E160DD025}.Release|Any CPU.ActiveCfg = Release|Any CPU
		{E2DD2593-FCFA-4609-BF3B-BD7E160DD025}.Release|Any CPU.Build.0 = Release|Any CPU
	EndGlobalSection
	GlobalSection(SolutionProperties) = preSolution
		HideSolutionNode = FALSE
	EndGlobalSection
	GlobalSection(ExtensibilityGlobals) = postSolution
		SolutionGuid = {BBFEE74E-82E3-464D-A184-F5C5307AC3F7}
	EndGlobalSection
EndGlobal
